
Microsoft Visual Studio Solution File, Format Version 12.00
# Visual Studio Version 17
VisualStudioVersion = 17.3.32929.385
MinimumVisualStudioVersion = 10.0.40219.1
Project("{FAE04EC0-301F-11D3-BF4B-00C04F79EFBC}") = "registrationform", "registrationform.csproj", "{7653F7AE-E88F-469C-8D9B-1C76D7CF148C}"
EndProject
Global
	GlobalSection(SolutionConfigurationPlatforms) = preSolution
		Debug|Any CPU = Debug|Any CPU
		Release|Any CPU = Release|Any CPU
	EndGlobalSection
	GlobalSection(ProjectConfigurationPlatforms) = postSolution
		{7653F7AE-E88F-469C-8D9B-1C76D7CF148C}.Debug|Any CPU.ActiveCfg = Debug|Any CPU
		{7653F7AE-E88F-469C-8D9B-1C76D7CF148C}.Debug|Any CPU.Build.0 = Debug|Any CPU
		{7653F7AE-E88F-469C-8D9B-1C76D7CF148C}.Release|Any CPU.ActiveCfg = Release|Any CPU
		{7653F7AE-E88F-469C-8D9B-1C76D7CF148C}.Release|Any CPU.Build.0 = Release|Any CPU
	EndGlobalSection
	GlobalSection(SolutionProperties) = preSolution
		HideSolutionNode = FALSE
	EndGlobalSection
	GlobalSection(ExtensibilityGlobals) = postSolution
		SolutionGuid = {202B51E9-AAB8-4E20-9F33-51FCA635AB8C}
	EndGlobalSection
EndGlobal
